# THIS IS AN AUTOGENERATED FILE. DO NOT EDIT THIS FILE DIRECTLY.
# yarn lockfile v1


react-native-uuid@^2.0.2:
  version "2.0.2"
  resolved "https://registry.yarnpkg.com/react-native-uuid/-/react-native-uuid-2.0.2.tgz#3da192e342ef35ee95a7def676ab41c1256dfd66"
  integrity sha512-5ypj/hV58P+6VREdjkW0EudSibsH3WdqDERoHKnD9syFWjF+NfRWWrJb2sa3LIwI5zpzMvUiabs+DX40WHpEMw==
